# This file is autogenerated, do not edit; changes may be undone by the next 'dep ensure'.


[[projects]]
  digest = "1:2209584c0f7c9b68c23374e659357ab546e1b70eec2761f03280f69a8fd23d77"
  name = "github.com/cenkalti/backoff"
  packages = ["."]
  pruneopts = "UT"
  revision = "2ea60e5f094469f9e65adb9cd103795b73ae743e"
  version = "v2.0.0"

[[projects]]
  digest = "1:184008c955d6a3226b700c13ed0e875a7a051a759618f9bccba9b5c99f17faa5"
  name = "github.com/eclipse/paho.mqtt.golang"
  packages = [
    ".",
    "packets",
  ]
  pruneopts = "UT"
  revision = "36d01c2b4cbeb3d2a12063e4880ce30800af9560"
  version = "v1.1.1"

[[projects]]
  branch = "master"
  digest = "1:a0af40974e6934f373b37ecea5c0d07c7a5f7c1f6284c0009589a7637c8c37b3"
  name = "golang.org/x/net"
  packages = [
    "context",
    "internal/socks",
    "proxy",
    "websocket",
  ]
  pruneopts = "UT"
  revision = "adae6a3d119ae4890b46832a2e88a95adc62b8e7"

[solve-meta]
  analyzer-name = "dep"
  analyzer-version = 1
  input-imports = [
    "github.com/cenkalti/backoff",
    "github.com/eclipse/paho.mqtt.golang",
  ]
  solver-name = "gps-cdcl"
  solver-version = 1
